
Microsoft Visual Studio Solution File, Format Version 12.00
# Visual Studio Version 17
VisualStudioVersion = 17.0.32112.339
MinimumVisualStudioVersion = 10.0.40219.1
Project("{FAE04EC0-301F-11D3-BF4B-00C04F79EFBC}") = "practiceWork04", "practiceWork04.csproj", "{7EAC91FE-7C32-427F-8B45-22F2D5CCD9D4}"
EndProject
Project("{FAE04EC0-301F-11D3-BF4B-00C04F79EFBC}") = "practiceWork04.2nd", "practiceWork04.2nd\practiceWork04.2nd.csproj", "{31ED144B-9D93-477A-8562-33FF635AB9A6}"
EndProject
Project("{FAE04EC0-301F-11D3-BF4B-00C04F79EFBC}") = "practiceWork04_3rd", "practiceWork04_3rd\practiceWork04_3rd.csproj", "{1EB751F2-2CC7-41B1-8F87-C2284D76C6C9}"
EndProject
Global
	GlobalSection(SolutionConfigurationPlatforms) = preSolution
		Debug|Any CPU = Debug|Any CPU
		Release|Any CPU = Release|Any CPU
	EndGlobalSection
	GlobalSection(ProjectConfigurationPlatforms) = postSolution
		{7EAC91FE-7C32-427F-8B45-22F2D5CCD9D4}.Debug|Any CPU.ActiveCfg = Debug|Any CPU
		{7EAC91FE-7C32-427F-8B45-22F2D5CCD9D4}.Debug|Any CPU.Build.0 = Debug|Any CPU
		{7EAC91FE-7C32-427F-8B45-22F2D5CCD9D4}.Release|Any CPU.ActiveCfg = Release|Any CPU
		{7EAC91FE-7C32-427F-8B45-22F2D5CCD9D4}.Release|Any CPU.Build.0 = Release|Any CPU
		{31ED144B-9D93-477A-8562-33FF635AB9A6}.Debug|Any CPU.ActiveCfg = Debug|Any CPU
		{31ED144B-9D93-477A-8562-33FF635AB9A6}.Debug|Any CPU.Build.0 = Debug|Any CPU
		{31ED144B-9D93-477A-8562-33FF635AB9A6}.Release|Any CPU.ActiveCfg = Release|Any CPU
		{31ED144B-9D93-477A-8562-33FF635AB9A6}.Release|Any CPU.Build.0 = Release|Any CPU
		{1EB751F2-2CC7-41B1-8F87-C2284D76C6C9}.Debug|Any CPU.ActiveCfg = Debug|Any CPU
		{1EB751F2-2CC7-41B1-8F87-C2284D76C6C9}.Debug|Any CPU.Build.0 = Debug|Any CPU
		{1EB751F2-2CC7-41B1-8F87-C2284D76C6C9}.Release|Any CPU.ActiveCfg = Release|Any CPU
		{1EB751F2-2CC7-41B1-8F87-C2284D76C6C9}.Release|Any CPU.Build.0 = Release|Any CPU
	EndGlobalSection
	GlobalSection(SolutionProperties) = preSolution
		HideSolutionNode = FALSE
	EndGlobalSection
	GlobalSection(ExtensibilityGlobals) = postSolution
		SolutionGuid = {86918840-BE40-4FBB-B371-39A96D8F7FA3}
	EndGlobalSection
EndGlobal
